
Microsoft Visual Studio Solution File, Format Version 12.00
# Visual Studio Version 17
VisualStudioVersion = 17.8.34511.84
MinimumVisualStudioVersion = 10.0.40219.1
Project("{FAE04EC0-301F-11D3-BF4B-00C04F79EFBC}") = "Calculator", "Calculator\Calculator.csproj", "{5813597C-73F1-43B5-9BFF-A213F125DAF1}"
EndProject
Global
	GlobalSection(SolutionConfigurationPlatforms) = preSolution
		Debug|Any CPU = Debug|Any CPU
		Release|Any CPU = Release|Any CPU
	EndGlobalSection
	GlobalSection(ProjectConfigurationPlatforms) = postSolution
		{5813597C-73F1-43B5-9BFF-A213F125DAF1}.Debug|Any CPU.ActiveCfg = Debug|Any CPU
		{5813597C-73F1-43B5-9BFF-A213F125DAF1}.Debug|Any CPU.Build.0 = Debug|Any CPU
		{5813597C-73F1-43B5-9BFF-A213F125DAF1}.Release|Any CPU.ActiveCfg = Release|Any CPU
		{5813597C-73F1-43B5-9BFF-A213F125DAF1}.Release|Any CPU.Build.0 = Release|Any CPU
	EndGlobalSection
	GlobalSection(SolutionProperties) = preSolution
		HideSolutionNode = FALSE
	EndGlobalSection
	GlobalSection(ExtensibilityGlobals) = postSolution
		SolutionGuid = {7F68A5F0-DAEF-44A4-B119-80AA598DC106}
	EndGlobalSection
EndGlobal
